schema: '2.0'
stages:
  split_data:
    cmd: python src/split_data.py
    deps:
    - path: data/raw/train.csv
      hash: md5
      md5: 8cf8d6d39aecf7cc6466eb79b0ed6e1b
      size: 805421
    - path: src/split_data.py
      hash: md5
      md5: af21888dcd8ca17b39ff21874450f23f
      size: 1151
    outs:
    - path: data/processed/X_test.parquet
      hash: md5
      md5: 52e647d9117ba7d1ddbe558a32d0f6d6
      size: 117685
    - path: data/processed/X_train.parquet
      hash: md5
      md5: d4106a71822f7301a41e2ba321e2a744
      size: 224137
    - path: data/processed/y_test.parquet
      hash: md5
      md5: f725ad5ff4235166edb7c72abf00f5a0
      size: 1503
    - path: data/processed/y_train.parquet
      hash: md5
      md5: f7f79d38da06066373cf7bdb00dc265a
      size: 1872
  preprocessor:
    cmd: python src/preprocessor.py
    deps:
    - path: data/processed/X_test.parquet
      hash: md5
      md5: 52e647d9117ba7d1ddbe558a32d0f6d6
      size: 117685
    - path: data/processed/X_train.parquet
      hash: md5
      md5: d4106a71822f7301a41e2ba321e2a744
      size: 224137
    - path: data/processed/y_test.parquet
      hash: md5
      md5: f725ad5ff4235166edb7c72abf00f5a0
      size: 1503
    - path: data/processed/y_train.parquet
      hash: md5
      md5: f7f79d38da06066373cf7bdb00dc265a
      size: 1872
    - path: src/preprocessor.py
      hash: md5
      md5: b252f0504cfa568f5437f839badddb7d
      size: 8641
    outs:
    - path: data/interim/X_test_transformed.parquet
      hash: md5
      md5: 1b9f687c15d42a83f777826efb060d75
      size: 102328
    - path: data/interim/X_train_transformed.parquet
      hash: md5
      md5: 6f3cec53ef0c51d11280589b6b5ecca5
      size: 169491
    - path: data/interim/y_test.parquet
      hash: md5
      md5: f725ad5ff4235166edb7c72abf00f5a0
      size: 1503
    - path: data/interim/y_train.parquet
      hash: md5
      md5: f7f79d38da06066373cf7bdb00dc265a
      size: 1872
    - path: models/preprocessor_pipeline.joblib
      hash: md5
      md5: a3fec9769afb312c916d7c00283de4f1
      size: 4202012
  model_training:
    cmd: python src/model_training.py
    deps:
    - path: data/interim/X_test_transformed.parquet
      hash: md5
      md5: 1b9f687c15d42a83f777826efb060d75
      size: 102328
    - path: data/interim/X_train_transformed.parquet
      hash: md5
      md5: 6f3cec53ef0c51d11280589b6b5ecca5
      size: 169491
    - path: data/interim/y_test.parquet
      hash: md5
      md5: f725ad5ff4235166edb7c72abf00f5a0
      size: 1503
    - path: data/interim/y_train.parquet
      hash: md5
      md5: f7f79d38da06066373cf7bdb00dc265a
      size: 1872
    - path: src/model_training.py
      hash: md5
      md5: b1bc45e3b168ef885b8adc51ab05fad0
      size: 3832
    outs:
    - path: models/best_model.joblib
      hash: md5
      md5: d28df25cf89c003c141ecf859480b4f9
      size: 1239446
